
Microsoft Visual Studio Solution File, Format Version 11.00
# Visual Studio 2010
Project("{8BC9CEB8-8B4A-11D0-8D11-00A0C91BC942}") = "TestPointerToPointer", "TestPointerToPointer\TestPointerToPointer.vcxproj", "{C967EC3E-63FA-46A3-8987-2BA6DD0A7CE9}"
EndProject
Global
	GlobalSection(SolutionConfigurationPlatforms) = preSolution
		Debug|Win32 = Debug|Win32
		Release|Win32 = Release|Win32
	EndGlobalSection
	GlobalSection(ProjectConfigurationPlatforms) = postSolution
		{C967EC3E-63FA-46A3-8987-2BA6DD0A7CE9}.Debug|Win32.ActiveCfg = Debug|Win32
		{C967EC3E-63FA-46A3-8987-2BA6DD0A7CE9}.Debug|Win32.Build.0 = Debug|Win32
		{C967EC3E-63FA-46A3-8987-2BA6DD0A7CE9}.Release|Win32.ActiveCfg = Release|Win32
		{C967EC3E-63FA-46A3-8987-2BA6DD0A7CE9}.Release|Win32.Build.0 = Release|Win32
	EndGlobalSection
	GlobalSection(SolutionProperties) = preSolution
		HideSolutionNode = FALSE
	EndGlobalSection
EndGlobal
